
Microsoft Visual Studio Solution File, Format Version 12.00
# Visual Studio Version 17
VisualStudioVersion = 17.1.32328.378
MinimumVisualStudioVersion = 10.0.40219.1
Project("{FAE04EC0-301F-11D3-BF4B-00C04F79EFBC}") = "Devops_R1", "Devops_R1.csproj", "{7ECECC2B-13E9-4113-BE4E-DCBD977F8227}"
EndProject
Project("{FAE04EC0-301F-11D3-BF4B-00C04F79EFBC}") = "TestProject1", "TestProject1\TestProject1.csproj", "{972FEEDB-3C63-4BFA-A9C1-F808398474AA}"
EndProject
Global
	GlobalSection(SolutionConfigurationPlatforms) = preSolution
		Debug|Any CPU = Debug|Any CPU
		Release|Any CPU = Release|Any CPU
	EndGlobalSection
	GlobalSection(ProjectConfigurationPlatforms) = postSolution
		{7ECECC2B-13E9-4113-BE4E-DCBD977F8227}.Debug|Any CPU.ActiveCfg = Debug|Any CPU
		{7ECECC2B-13E9-4113-BE4E-DCBD977F8227}.Debug|Any CPU.Build.0 = Debug|Any CPU
		{7ECECC2B-13E9-4113-BE4E-DCBD977F8227}.Release|Any CPU.ActiveCfg = Release|Any CPU
		{7ECECC2B-13E9-4113-BE4E-DCBD977F8227}.Release|Any CPU.Build.0 = Release|Any CPU
		{972FEEDB-3C63-4BFA-A9C1-F808398474AA}.Debug|Any CPU.ActiveCfg = Debug|Any CPU
		{972FEEDB-3C63-4BFA-A9C1-F808398474AA}.Debug|Any CPU.Build.0 = Debug|Any CPU
		{972FEEDB-3C63-4BFA-A9C1-F808398474AA}.Release|Any CPU.ActiveCfg = Release|Any CPU
		{972FEEDB-3C63-4BFA-A9C1-F808398474AA}.Release|Any CPU.Build.0 = Release|Any CPU
	EndGlobalSection
	GlobalSection(SolutionProperties) = preSolution
		HideSolutionNode = FALSE
	EndGlobalSection
	GlobalSection(ExtensibilityGlobals) = postSolution
		SolutionGuid = {09253606-CA8C-4337-A0B4-B2121E6F9556}
	EndGlobalSection
EndGlobal
